
Microsoft Visual Studio Solution File, Format Version 12.00
# Visual Studio Version 17
VisualStudioVersion = 17.14.36310.24 d17.14
MinimumVisualStudioVersion = 10.0.40219.1
Project("{FAE04EC0-301F-11D3-BF4B-00C04F79EFBC}") = "HorizonPreProcessor.Api", "HorizonPreProcessor.Api\HorizonPreProcessor.Api.csproj", "{82B8C4AB-3BFF-4980-BDD4-C1C40D69AC53}"
EndProject
Project("{FAE04EC0-301F-11D3-BF4B-00C04F79EFBC}") = "HorizonPreProcessor.Tests", "HorizonPreProcessor.Tests\HorizonPreProcessor.Tests.csproj", "{2282CE2F-87F7-404A-8D1F-2A607FBCFBC1}"
EndProject
Global
	GlobalSection(SolutionConfigurationPlatforms) = preSolution
		Debug|Any CPU = Debug|Any CPU
		Release|Any CPU = Release|Any CPU
	EndGlobalSection
	GlobalSection(ProjectConfigurationPlatforms) = postSolution
		{82B8C4AB-3BFF-4980-BDD4-C1C40D69AC53}.Debug|Any CPU.ActiveCfg = Debug|Any CPU
		{82B8C4AB-3BFF-4980-BDD4-C1C40D69AC53}.Debug|Any CPU.Build.0 = Debug|Any CPU
		{82B8C4AB-3BFF-4980-BDD4-C1C40D69AC53}.Release|Any CPU.ActiveCfg = Release|Any CPU
		{82B8C4AB-3BFF-4980-BDD4-C1C40D69AC53}.Release|Any CPU.Build.0 = Release|Any CPU
		{2282CE2F-87F7-404A-8D1F-2A607FBCFBC1}.Debug|Any CPU.ActiveCfg = Debug|Any CPU
		{2282CE2F-87F7-404A-8D1F-2A607FBCFBC1}.Debug|Any CPU.Build.0 = Debug|Any CPU
		{2282CE2F-87F7-404A-8D1F-2A607FBCFBC1}.Release|Any CPU.ActiveCfg = Release|Any CPU
		{2282CE2F-87F7-404A-8D1F-2A607FBCFBC1}.Release|Any CPU.Build.0 = Release|Any CPU
	EndGlobalSection
	GlobalSection(SolutionProperties) = preSolution
		HideSolutionNode = FALSE
	EndGlobalSection
	GlobalSection(ExtensibilityGlobals) = postSolution
		SolutionGuid = {6B90A8A8-CC84-4D74-8E23-2B859F0C6950}
	EndGlobalSection
EndGlobal
